
Microsoft Visual Studio Solution File, Format Version 12.00
# Visual Studio 15
VisualStudioVersion = 15.0.26124.0
MinimumVisualStudioVersion = 15.0.26124.0
Project("{FAE04EC0-301F-11D3-BF4B-00C04F79EFBC}") = "UAccount.API", "UAccount.API\UAccount.API.csproj", "{878A0EDD-B9D7-45A4-9099-A7876D863C0D}"
EndProject
Project("{FAE04EC0-301F-11D3-BF4B-00C04F79EFBC}") = "UAccount.Repository", "UAccount.Repository\UAccount.Repository.csproj", "{86838C8E-5D95-4E12-9698-D8FC8923D693}"
EndProject
Project("{FAE04EC0-301F-11D3-BF4B-00C04F79EFBC}") = "UAccount.Domain", "UAccount.Domain\UAccount.Domain.csproj", "{D39C62FE-FC12-4932-839D-A6D1F0C0E50D}"
EndProject
Global
	GlobalSection(SolutionConfigurationPlatforms) = preSolution
		Debug|Any CPU = Debug|Any CPU
		Debug|x64 = Debug|x64
		Debug|x86 = Debug|x86
		Release|Any CPU = Release|Any CPU
		Release|x64 = Release|x64
		Release|x86 = Release|x86
	EndGlobalSection
	GlobalSection(SolutionProperties) = preSolution
		HideSolutionNode = FALSE
	EndGlobalSection
	GlobalSection(ProjectConfigurationPlatforms) = postSolution
		{878A0EDD-B9D7-45A4-9099-A7876D863C0D}.Debug|Any CPU.ActiveCfg = Debug|Any CPU
		{878A0EDD-B9D7-45A4-9099-A7876D863C0D}.Debug|Any CPU.Build.0 = Debug|Any CPU
		{878A0EDD-B9D7-45A4-9099-A7876D863C0D}.Debug|x64.ActiveCfg = Debug|Any CPU
		{878A0EDD-B9D7-45A4-9099-A7876D863C0D}.Debug|x64.Build.0 = Debug|Any CPU
		{878A0EDD-B9D7-45A4-9099-A7876D863C0D}.Debug|x86.ActiveCfg = Debug|Any CPU
		{878A0EDD-B9D7-45A4-9099-A7876D863C0D}.Debug|x86.Build.0 = Debug|Any CPU
		{878A0EDD-B9D7-45A4-9099-A7876D863C0D}.Release|Any CPU.ActiveCfg = Release|Any CPU
		{878A0EDD-B9D7-45A4-9099-A7876D863C0D}.Release|Any CPU.Build.0 = Release|Any CPU
		{878A0EDD-B9D7-45A4-9099-A7876D863C0D}.Release|x64.ActiveCfg = Release|Any CPU
		{878A0EDD-B9D7-45A4-9099-A7876D863C0D}.Release|x64.Build.0 = Release|Any CPU
		{878A0EDD-B9D7-45A4-9099-A7876D863C0D}.Release|x86.ActiveCfg = Release|Any CPU
		{878A0EDD-B9D7-45A4-9099-A7876D863C0D}.Release|x86.Build.0 = Release|Any CPU
		{86838C8E-5D95-4E12-9698-D8FC8923D693}.Debug|Any CPU.ActiveCfg = Debug|Any CPU
		{86838C8E-5D95-4E12-9698-D8FC8923D693}.Debug|Any CPU.Build.0 = Debug|Any CPU
		{86838C8E-5D95-4E12-9698-D8FC8923D693}.Debug|x64.ActiveCfg = Debug|Any CPU
		{86838C8E-5D95-4E12-9698-D8FC8923D693}.Debug|x64.Build.0 = Debug|Any CPU
		{86838C8E-5D95-4E12-9698-D8FC8923D693}.Debug|x86.ActiveCfg = Debug|Any CPU
		{86838C8E-5D95-4E12-9698-D8FC8923D693}.Debug|x86.Build.0 = Debug|Any CPU
		{86838C8E-5D95-4E12-9698-D8FC8923D693}.Release|Any CPU.ActiveCfg = Release|Any CPU
		{86838C8E-5D95-4E12-9698-D8FC8923D693}.Release|Any CPU.Build.0 = Release|Any CPU
		{86838C8E-5D95-4E12-9698-D8FC8923D693}.Release|x64.ActiveCfg = Release|Any CPU
		{86838C8E-5D95-4E12-9698-D8FC8923D693}.Release|x64.Build.0 = Release|Any CPU
		{86838C8E-5D95-4E12-9698-D8FC8923D693}.Release|x86.ActiveCfg = Release|Any CPU
		{86838C8E-5D95-4E12-9698-D8FC8923D693}.Release|x86.Build.0 = Release|Any CPU
		{D39C62FE-FC12-4932-839D-A6D1F0C0E50D}.Debug|Any CPU.ActiveCfg = Debug|Any CPU
		{D39C62FE-FC12-4932-839D-A6D1F0C0E50D}.Debug|Any CPU.Build.0 = Debug|Any CPU
		{D39C62FE-FC12-4932-839D-A6D1F0C0E50D}.Debug|x64.ActiveCfg = Debug|Any CPU
		{D39C62FE-FC12-4932-839D-A6D1F0C0E50D}.Debug|x64.Build.0 = Debug|Any CPU
		{D39C62FE-FC12-4932-839D-A6D1F0C0E50D}.Debug|x86.ActiveCfg = Debug|Any CPU
		{D39C62FE-FC12-4932-839D-A6D1F0C0E50D}.Debug|x86.Build.0 = Debug|Any CPU
		{D39C62FE-FC12-4932-839D-A6D1F0C0E50D}.Release|Any CPU.ActiveCfg = Release|Any CPU
		{D39C62FE-FC12-4932-839D-A6D1F0C0E50D}.Release|Any CPU.Build.0 = Release|Any CPU
		{D39C62FE-FC12-4932-839D-A6D1F0C0E50D}.Release|x64.ActiveCfg = Release|Any CPU
		{D39C62FE-FC12-4932-839D-A6D1F0C0E50D}.Release|x64.Build.0 = Release|Any CPU
		{D39C62FE-FC12-4932-839D-A6D1F0C0E50D}.Release|x86.ActiveCfg = Release|Any CPU
		{D39C62FE-FC12-4932-839D-A6D1F0C0E50D}.Release|x86.Build.0 = Release|Any CPU
	EndGlobalSection
EndGlobal
